
Microsoft Visual Studio Solution File, Format Version 12.00
# Visual Studio Version 16
VisualStudioVersion = 16.0.29920.165
MinimumVisualStudioVersion = 10.0.40219.1
Project("{E53339B2-1760-4266-BCC7-CA923CBCF16C}") = "docker-compose", "docker-compose.dcproj", "{D39BE925-5E87-4623-B899-EDF354FBB3A7}"
EndProject
Project("{9A19103F-16F7-4668-BE54-9A1E7A4F7556}") = "SCA.Autenticacao", "SGAAutenticacao\SCA.Autenticacao.csproj", "{6D7E563D-24BA-4B5F-A531-FEAEC9560A82}"
EndProject
Project("{9A19103F-16F7-4668-BE54-9A1E7A4F7556}") = "SCA.Gateway", "SGAGateway\SCA.Gateway.csproj", "{BB8DAC65-F701-4C73-A7B8-AFF3F10C1303}"
EndProject
Project("{9A19103F-16F7-4668-BE54-9A1E7A4F7556}") = "SCA.Compliance", "SGACompliance\SCA.Compliance.csproj", "{91DACB27-D7C0-4011-97B5-DBC2FDB8BDE7}"
EndProject
Project("{2150E333-8FDC-42A3-9474-1A3956D46DE8}") = "Servicos", "Servicos", "{1B3F69C2-7A17-46E7-961D-FED6EC214E5E}"
EndProject
Project("{2150E333-8FDC-42A3-9474-1A3956D46DE8}") = "InteligenciaNegocio", "InteligenciaNegocio", "{1D602FBB-BEBC-447D-8E64-BD2CE90C4FF8}"
EndProject
Project("{2150E333-8FDC-42A3-9474-1A3956D46DE8}") = "Autenticacao", "Autenticacao", "{A0C0B515-C911-437A-9464-8E4B6A04B2BD}"
EndProject
Project("{2150E333-8FDC-42A3-9474-1A3956D46DE8}") = "Compliance", "Compliance", "{201979C5-E966-4E45-9EAF-4FA210A25BE1}"
EndProject
Project("{9A19103F-16F7-4668-BE54-9A1E7A4F7556}") = "SCA.Compliance.Negocio", "SGA.Compliance.Negocio\SCA.Compliance.Negocio.csproj", "{C7B0BE7E-EC03-4358-93CF-E712ADBC0F7F}"
EndProject
Project("{9A19103F-16F7-4668-BE54-9A1E7A4F7556}") = "SCA.Compliance.Interface", "Contrato\SCA.Compliance.Interface.csproj", "{F9BA49EA-7500-4E11-8E72-7E24959C344D}"
EndProject
Project("{9A19103F-16F7-4668-BE54-9A1E7A4F7556}") = "SCA.Apresentacao", "SGAApresentacao\SCA.Apresentacao.csproj", "{195F6794-5156-4A79-9FD9-9998E3CBB583}"
EndProject
Project("{2150E333-8FDC-42A3-9474-1A3956D46DE8}") = "Ativos", "Ativos", "{0A85C55B-531E-476F-955C-165B61D7C126}"
EndProject
Project("{9A19103F-16F7-4668-BE54-9A1E7A4F7556}") = "SCA.Ativos", "SGA.Ativos\SCA.Ativos.csproj", "{08EE29CC-5256-4E77-9385-E77198C16036}"
EndProject
Project("{2150E333-8FDC-42A3-9474-1A3956D46DE8}") = "ProcessoMinerario", "ProcessoMinerario", "{858B6EDF-B539-4D44-B2BF-B06AE6364DE0}"
EndProject
Project("{9A19103F-16F7-4668-BE54-9A1E7A4F7556}") = "SCA.ProcessoMinerario", "SCA.ProcessoMinerario\SCA.ProcessoMinerario.csproj", "{322F4189-925C-4DB8-B170-7687A4201299}"
EndProject
Project("{2150E333-8FDC-42A3-9474-1A3956D46DE8}") = "Monitoramento", "Monitoramento", "{26535DD7-37B5-46A0-8AA9-A76C29B1692F}"
EndProject
Project("{2150E333-8FDC-42A3-9474-1A3956D46DE8}") = "Seguranca", "Seguranca", "{A2B4F3E1-3D55-4998-BBF0-411479BF4559}"
EndProject
Project("{9A19103F-16F7-4668-BE54-9A1E7A4F7556}") = "SCA.Monitoramento", "SCA.Monitoramento\SCA.Monitoramento.csproj", "{0D053B44-FEC6-403A-9293-B37ED54866F1}"
EndProject
Project("{9A19103F-16F7-4668-BE54-9A1E7A4F7556}") = "SCA.Seguranca", "SCA.Seguranca\SCA.Seguranca.csproj", "{5C2B066A-78E1-4147-879A-5E01980E7855}"
EndProject
Project("{9A19103F-16F7-4668-BE54-9A1E7A4F7556}") = "SCA.InteligenciaNegocio", "SCA.InteligenciaNegocio\SCA.InteligenciaNegocio.csproj", "{130D9DA8-EF1D-4D34-B607-BACB69C0439B}"
EndProject
Project("{9A19103F-16F7-4668-BE54-9A1E7A4F7556}") = "SCA.Ativos.AcessoDados", "SCA.Ativos.AcessoDados\SCA.Ativos.AcessoDados.csproj", "{81A9AF93-28D9-4D0E-85D6-242439F7F8C1}"
EndProject
Project("{9A19103F-16F7-4668-BE54-9A1E7A4F7556}") = "SCA.Ativos.Modelo", "SCA.Ativos.Modelo\SCA.Ativos.Modelo.csproj", "{8DC553C6-6ECE-4F03-89BF-032673724CA3}"
EndProject
Project("{9A19103F-16F7-4668-BE54-9A1E7A4F7556}") = "SCA.Ativos.RegraNegocio", "SCA.Ativos.RegraNegocio\SCA.Ativos.RegraNegocio.csproj", "{02C22BB5-5863-4A8E-B778-C6042B103106}"
EndProject
Project("{9A19103F-16F7-4668-BE54-9A1E7A4F7556}") = "SCA.Compliance.Dados", "SCA.Compliance.Dados\SCA.Compliance.Dados.csproj", "{02CD5CB8-E3CC-452B-8659-657A1D7248F0}"
EndProject
Global
	GlobalSection(SolutionConfigurationPlatforms) = preSolution
		Debug|Any CPU = Debug|Any CPU
		Release|Any CPU = Release|Any CPU
	EndGlobalSection
	GlobalSection(ProjectConfigurationPlatforms) = postSolution
		{D39BE925-5E87-4623-B899-EDF354FBB3A7}.Debug|Any CPU.ActiveCfg = Debug|Any CPU
		{D39BE925-5E87-4623-B899-EDF354FBB3A7}.Debug|Any CPU.Build.0 = Debug|Any CPU
		{D39BE925-5E87-4623-B899-EDF354FBB3A7}.Release|Any CPU.ActiveCfg = Release|Any CPU
		{D39BE925-5E87-4623-B899-EDF354FBB3A7}.Release|Any CPU.Build.0 = Release|Any CPU
		{6D7E563D-24BA-4B5F-A531-FEAEC9560A82}.Debug|Any CPU.ActiveCfg = Debug|Any CPU
		{6D7E563D-24BA-4B5F-A531-FEAEC9560A82}.Debug|Any CPU.Build.0 = Debug|Any CPU
		{6D7E563D-24BA-4B5F-A531-FEAEC9560A82}.Release|Any CPU.ActiveCfg = Release|Any CPU
		{6D7E563D-24BA-4B5F-A531-FEAEC9560A82}.Release|Any CPU.Build.0 = Release|Any CPU
		{BB8DAC65-F701-4C73-A7B8-AFF3F10C1303}.Debug|Any CPU.ActiveCfg = Debug|Any CPU
		{BB8DAC65-F701-4C73-A7B8-AFF3F10C1303}.Debug|Any CPU.Build.0 = Debug|Any CPU
		{BB8DAC65-F701-4C73-A7B8-AFF3F10C1303}.Release|Any CPU.ActiveCfg = Release|Any CPU
		{BB8DAC65-F701-4C73-A7B8-AFF3F10C1303}.Release|Any CPU.Build.0 = Release|Any CPU
		{91DACB27-D7C0-4011-97B5-DBC2FDB8BDE7}.Debug|Any CPU.ActiveCfg = Debug|Any CPU
		{91DACB27-D7C0-4011-97B5-DBC2FDB8BDE7}.Debug|Any CPU.Build.0 = Debug|Any CPU
		{91DACB27-D7C0-4011-97B5-DBC2FDB8BDE7}.Release|Any CPU.ActiveCfg = Release|Any CPU
		{91DACB27-D7C0-4011-97B5-DBC2FDB8BDE7}.Release|Any CPU.Build.0 = Release|Any CPU
		{C7B0BE7E-EC03-4358-93CF-E712ADBC0F7F}.Debug|Any CPU.ActiveCfg = Debug|Any CPU
		{C7B0BE7E-EC03-4358-93CF-E712ADBC0F7F}.Debug|Any CPU.Build.0 = Debug|Any CPU
		{C7B0BE7E-EC03-4358-93CF-E712ADBC0F7F}.Release|Any CPU.ActiveCfg = Release|Any CPU
		{C7B0BE7E-EC03-4358-93CF-E712ADBC0F7F}.Release|Any CPU.Build.0 = Release|Any CPU
		{F9BA49EA-7500-4E11-8E72-7E24959C344D}.Debug|Any CPU.ActiveCfg = Debug|Any CPU
		{F9BA49EA-7500-4E11-8E72-7E24959C344D}.Debug|Any CPU.Build.0 = Debug|Any CPU
		{F9BA49EA-7500-4E11-8E72-7E24959C344D}.Release|Any CPU.ActiveCfg = Release|Any CPU
		{F9BA49EA-7500-4E11-8E72-7E24959C344D}.Release|Any CPU.Build.0 = Release|Any CPU
		{195F6794-5156-4A79-9FD9-9998E3CBB583}.Debug|Any CPU.ActiveCfg = Debug|Any CPU
		{195F6794-5156-4A79-9FD9-9998E3CBB583}.Debug|Any CPU.Build.0 = Debug|Any CPU
		{195F6794-5156-4A79-9FD9-9998E3CBB583}.Release|Any CPU.ActiveCfg = Release|Any CPU
		{195F6794-5156-4A79-9FD9-9998E3CBB583}.Release|Any CPU.Build.0 = Release|Any CPU
		{08EE29CC-5256-4E77-9385-E77198C16036}.Debug|Any CPU.ActiveCfg = Debug|Any CPU
		{08EE29CC-5256-4E77-9385-E77198C16036}.Debug|Any CPU.Build.0 = Debug|Any CPU
		{08EE29CC-5256-4E77-9385-E77198C16036}.Release|Any CPU.ActiveCfg = Release|Any CPU
		{08EE29CC-5256-4E77-9385-E77198C16036}.Release|Any CPU.Build.0 = Release|Any CPU
		{322F4189-925C-4DB8-B170-7687A4201299}.Debug|Any CPU.ActiveCfg = Debug|Any CPU
		{322F4189-925C-4DB8-B170-7687A4201299}.Debug|Any CPU.Build.0 = Debug|Any CPU
		{322F4189-925C-4DB8-B170-7687A4201299}.Release|Any CPU.ActiveCfg = Release|Any CPU
		{322F4189-925C-4DB8-B170-7687A4201299}.Release|Any CPU.Build.0 = Release|Any CPU
		{0D053B44-FEC6-403A-9293-B37ED54866F1}.Debug|Any CPU.ActiveCfg = Debug|Any CPU
		{0D053B44-FEC6-403A-9293-B37ED54866F1}.Debug|Any CPU.Build.0 = Debug|Any CPU
		{0D053B44-FEC6-403A-9293-B37ED54866F1}.Release|Any CPU.ActiveCfg = Release|Any CPU
		{0D053B44-FEC6-403A-9293-B37ED54866F1}.Release|Any CPU.Build.0 = Release|Any CPU
		{5C2B066A-78E1-4147-879A-5E01980E7855}.Debug|Any CPU.ActiveCfg = Debug|Any CPU
		{5C2B066A-78E1-4147-879A-5E01980E7855}.Debug|Any CPU.Build.0 = Debug|Any CPU
		{5C2B066A-78E1-4147-879A-5E01980E7855}.Release|Any CPU.ActiveCfg = Release|Any CPU
		{5C2B066A-78E1-4147-879A-5E01980E7855}.Release|Any CPU.Build.0 = Release|Any CPU
		{130D9DA8-EF1D-4D34-B607-BACB69C0439B}.Debug|Any CPU.ActiveCfg = Debug|Any CPU
		{130D9DA8-EF1D-4D34-B607-BACB69C0439B}.Debug|Any CPU.Build.0 = Debug|Any CPU
		{130D9DA8-EF1D-4D34-B607-BACB69C0439B}.Release|Any CPU.ActiveCfg = Release|Any CPU
		{130D9DA8-EF1D-4D34-B607-BACB69C0439B}.Release|Any CPU.Build.0 = Release|Any CPU
		{81A9AF93-28D9-4D0E-85D6-242439F7F8C1}.Debug|Any CPU.ActiveCfg = Debug|Any CPU
		{81A9AF93-28D9-4D0E-85D6-242439F7F8C1}.Debug|Any CPU.Build.0 = Debug|Any CPU
		{81A9AF93-28D9-4D0E-85D6-242439F7F8C1}.Release|Any CPU.ActiveCfg = Release|Any CPU
		{81A9AF93-28D9-4D0E-85D6-242439F7F8C1}.Release|Any CPU.Build.0 = Release|Any CPU
		{8DC553C6-6ECE-4F03-89BF-032673724CA3}.Debug|Any CPU.ActiveCfg = Debug|Any CPU
		{8DC553C6-6ECE-4F03-89BF-032673724CA3}.Debug|Any CPU.Build.0 = Debug|Any CPU
		{8DC553C6-6ECE-4F03-89BF-032673724CA3}.Release|Any CPU.ActiveCfg = Release|Any CPU
		{8DC553C6-6ECE-4F03-89BF-032673724CA3}.Release|Any CPU.Build.0 = Release|Any CPU
		{02C22BB5-5863-4A8E-B778-C6042B103106}.Debug|Any CPU.ActiveCfg = Debug|Any CPU
		{02C22BB5-5863-4A8E-B778-C6042B103106}.Debug|Any CPU.Build.0 = Debug|Any CPU
		{02C22BB5-5863-4A8E-B778-C6042B103106}.Release|Any CPU.ActiveCfg = Release|Any CPU
		{02C22BB5-5863-4A8E-B778-C6042B103106}.Release|Any CPU.Build.0 = Release|Any CPU
		{02CD5CB8-E3CC-452B-8659-657A1D7248F0}.Debug|Any CPU.ActiveCfg = Debug|Any CPU
		{02CD5CB8-E3CC-452B-8659-657A1D7248F0}.Debug|Any CPU.Build.0 = Debug|Any CPU
		{02CD5CB8-E3CC-452B-8659-657A1D7248F0}.Release|Any CPU.ActiveCfg = Release|Any CPU
		{02CD5CB8-E3CC-452B-8659-657A1D7248F0}.Release|Any CPU.Build.0 = Release|Any CPU
	EndGlobalSection
	GlobalSection(SolutionProperties) = preSolution
		HideSolutionNode = FALSE
	EndGlobalSection
	GlobalSection(NestedProjects) = preSolution
		{6D7E563D-24BA-4B5F-A531-FEAEC9560A82} = {A0C0B515-C911-437A-9464-8E4B6A04B2BD}
		{91DACB27-D7C0-4011-97B5-DBC2FDB8BDE7} = {201979C5-E966-4E45-9EAF-4FA210A25BE1}
		{1D602FBB-BEBC-447D-8E64-BD2CE90C4FF8} = {1B3F69C2-7A17-46E7-961D-FED6EC214E5E}
		{A0C0B515-C911-437A-9464-8E4B6A04B2BD} = {1B3F69C2-7A17-46E7-961D-FED6EC214E5E}
		{201979C5-E966-4E45-9EAF-4FA210A25BE1} = {1B3F69C2-7A17-46E7-961D-FED6EC214E5E}
		{C7B0BE7E-EC03-4358-93CF-E712ADBC0F7F} = {201979C5-E966-4E45-9EAF-4FA210A25BE1}
		{F9BA49EA-7500-4E11-8E72-7E24959C344D} = {201979C5-E966-4E45-9EAF-4FA210A25BE1}
		{0A85C55B-531E-476F-955C-165B61D7C126} = {1B3F69C2-7A17-46E7-961D-FED6EC214E5E}
		{08EE29CC-5256-4E77-9385-E77198C16036} = {0A85C55B-531E-476F-955C-165B61D7C126}
		{858B6EDF-B539-4D44-B2BF-B06AE6364DE0} = {1B3F69C2-7A17-46E7-961D-FED6EC214E5E}
		{322F4189-925C-4DB8-B170-7687A4201299} = {858B6EDF-B539-4D44-B2BF-B06AE6364DE0}
		{26535DD7-37B5-46A0-8AA9-A76C29B1692F} = {1B3F69C2-7A17-46E7-961D-FED6EC214E5E}
		{A2B4F3E1-3D55-4998-BBF0-411479BF4559} = {1B3F69C2-7A17-46E7-961D-FED6EC214E5E}
		{0D053B44-FEC6-403A-9293-B37ED54866F1} = {26535DD7-37B5-46A0-8AA9-A76C29B1692F}
		{5C2B066A-78E1-4147-879A-5E01980E7855} = {A2B4F3E1-3D55-4998-BBF0-411479BF4559}
		{130D9DA8-EF1D-4D34-B607-BACB69C0439B} = {1D602FBB-BEBC-447D-8E64-BD2CE90C4FF8}
		{81A9AF93-28D9-4D0E-85D6-242439F7F8C1} = {0A85C55B-531E-476F-955C-165B61D7C126}
		{8DC553C6-6ECE-4F03-89BF-032673724CA3} = {0A85C55B-531E-476F-955C-165B61D7C126}
		{02C22BB5-5863-4A8E-B778-C6042B103106} = {0A85C55B-531E-476F-955C-165B61D7C126}
		{02CD5CB8-E3CC-452B-8659-657A1D7248F0} = {201979C5-E966-4E45-9EAF-4FA210A25BE1}
	EndGlobalSection
	GlobalSection(ExtensibilityGlobals) = postSolution
		SolutionGuid = {A1F17E83-C072-4BC6-A492-A18E27F4A05C}
	EndGlobalSection
EndGlobal
